// !$*UTF8*$!
{
	archiveVersion = 1;
	classes = {
	};
	objectVersion = 50;
	objects = {

/* Begin PBXBuildFile section */
		84807F8C24989B0D008EE204 /* AppDelegate.swift in Sources */ = {isa = PBXBuildFile; fileRef = 84807F8B24989B0D008EE204 /* AppDelegate.swift */; };
		84807F8E24989B0D008EE204 /* SceneDelegate.swift in Sources */ = {isa = PBXBuildFile; fileRef = 84807F8D24989B0D008EE204 /* SceneDelegate.swift */; };
		84807F9024989B0D008EE204 /* ContentView.swift in Sources */ = {isa = PBXBuildFile; fileRef = 84807F8F24989B0D008EE204 /* ContentView.swift */; };
		84807F9224989B0F008EE204 /* Assets.xcassets in Resources */ = {isa = PBXBuildFile; fileRef = 84807F9124989B0F008EE204 /* Assets.xcassets */; };
		84807F9524989B0F008EE204 /* Preview Assets.xcassets in Resources */ = {isa = PBXBuildFile; fileRef = 84807F9424989B0F008EE204 /* Preview Assets.xcassets */; };
		84807F9824989B0F008EE204 /* LaunchScreen.storyboard in Resources */ = {isa = PBXBuildFile; fileRef = 84807F9624989B0F008EE204 /* LaunchScreen.storyboard */; };
		84807FA324989B0F008EE204 /* EnvironmentExperimentTests.swift in Sources */ = {isa = PBXBuildFile; fileRef = 84807FA224989B0F008EE204 /* EnvironmentExperimentTests.swift */; };
		84807FAE24989B0F008EE204 /* EnvironmentExperimentUITests.swift in Sources */ = {isa = PBXBuildFile; fileRef = 84807FAD24989B0F008EE204 /* EnvironmentExperimentUITests.swift */; };
/* End PBXBuildFile section */

/* Begin PBXContainerItemProxy section */
		84807F9F24989B0F008EE204 /* PBXContainerItemProxy */ = {
			isa = PBXContainerItemProxy;
			containerPortal = 84807F8024989B0C008EE204 /* Project object */;
			proxyType = 1;
			remoteGlobalIDString = 84807F8724989B0D008EE204;
			remoteInfo = EnvironmentExperiment;
		};
		84807FAA24989B0F008EE204 /* PBXContainerItemProxy */ = {
			isa = PBXContainerItemProxy;
			containerPortal = 84807F8024989B0C008EE204 /* Project object */;
			proxyType = 1;
			remoteGlobalIDString = 84807F8724989B0D008EE204;
			remoteInfo = EnvironmentExperiment;
		};
/* End PBXContainerItemProxy section */

/* Begin PBXFileReference section */
		84807F8824989B0D008EE204 /* EnvironmentExperiment.app */ = {isa = PBXFileReference; explicitFileType = wrapper.application; includeInIndex = 0; path = EnvironmentExperiment.app; sourceTree = BUILT_PRODUCTS_DIR; };
		84807F8B24989B0D008EE204 /* AppDelegate.swift */ = {isa = PBXFileReference; lastKnownFileType = sourcecode.swift; path = AppDelegate.swift; sourceTree = "<group>"; };
		84807F8D24989B0D008EE204 /* SceneDelegate.swift */ = {isa = PBXFileReference; lastKnownFileType = sourcecode.swift; path = SceneDelegate.swift; sourceTree = "<group>"; };
		84807F8F24989B0D008EE204 /* ContentView.swift */ = {isa = PBXFileReference; lastKnownFileType = sourcecode.swift; path = ContentView.swift; sourceTree = "<group>"; };
		84807F9124989B0F008EE204 /* Assets.xcassets */ = {isa = PBXFileReference; lastKnownFileType = folder.assetcatalog; path = Assets.xcassets; sourceTree = "<group>"; };
		84807F9424989B0F008EE204 /* Preview Assets.xcassets */ = {isa = PBXFileReference; lastKnownFileType = folder.assetcatalog; path = "Preview Assets.xcassets"; sourceTree = "<group>"; };
		84807F9724989B0F008EE204 /* Base */ = {isa = PBXFileReference; lastKnownFileType = file.storyboard; name = Base; path = Base.lproj/LaunchScreen.storyboard; sourceTree = "<group>"; };
		84807F9924989B0F008EE204 /* Info.plist */ = {isa = PBXFileReference; lastKnownFileType = text.plist.xml; path = Info.plist; sourceTree = "<group>"; };
		84807F9E24989B0F008EE204 /* EnvironmentExperimentTests.xctest */ = {isa = PBXFileReference; explicitFileType = wrapper.cfbundle; includeInIndex = 0; path = EnvironmentExperimentTests.xctest; sourceTree = BUILT_PRODUCTS_DIR; };
		84807FA224989B0F008EE204 /* EnvironmentExperimentTests.swift */ = {isa = PBXFileReference; lastKnownFileType = sourcecode.swift; path = EnvironmentExperimentTests.swift; sourceTree = "<group>"; };
		84807FA424989B0F008EE204 /* Info.plist */ = {isa = PBXFileReference; lastKnownFileType = text.plist.xml; path = Info.plist; sourceTree = "<group>"; };
		84807FA924989B0F008EE204 /* EnvironmentExperimentUITests.xctest */ = {isa = PBXFileReference; explicitFileType = wrapper.cfbundle; includeInIndex = 0; path = EnvironmentExperimentUITests.xctest; sourceTree = BUILT_PRODUCTS_DIR; };
		84807FAD24989B0F008EE204 /* EnvironmentExperimentUITests.swift */ = {isa = PBXFileReference; lastKnownFileType = sourcecode.swift; path = EnvironmentExperimentUITests.swift; sourceTree = "<group>"; };
		84807FAF24989B0F008EE204 /* Info.plist */ = {isa = PBXFileReference; lastKnownFileType = text.plist.xml; path = Info.plist; sourceTree = "<group>"; };
/* End PBXFileReference section */

/* Begin PBXFrameworksBuildPhase section */
		84807F8524989B0D008EE204 /* Frameworks */ = {
			isa = PBXFrameworksBuildPhase;
			buildActionMask = 2147483647;
			files = (
			);
			runOnlyForDeploymentPostprocessing = 0;
		};
		84807F9B24989B0F008EE204 /* Frameworks */ = {
			isa = PBXFrameworksBuildPhase;
			buildActionMask = 2147483647;
			files = (
			);
			runOnlyForDeploymentPostprocessing = 0;
		};
		84807FA624989B0F008EE204 /* Frameworks */ = {
			isa = PBXFrameworksBuildPhase;
			buildActionMask = 2147483647;
			files = (
			);
			runOnlyForDeploymentPostprocessing = 0;
		};
/* End PBXFrameworksBuildPhase section */

/* Begin PBXGroup section */
		84807F7F24989B0C008EE204 = {
			isa = PBXGroup;
			children = (
				84807F8A24989B0D008EE204 /* EnvironmentExperiment */,
				84807FA124989B0F008EE204 /* EnvironmentExperimentTests */,
				84807FAC24989B0F008EE204 /* EnvironmentExperimentUITests */,
				84807F8924989B0D008EE204 /* Products */,
			);
			sourceTree = "<group>";
		};
		84807F8924989B0D008EE204 /* Products */ = {
			isa = PBXGroup;
			children = (
				84807F8824989B0D008EE204 /* EnvironmentExperiment.app */,
				84807F9E24989B0F008EE204 /* EnvironmentExperimentTests.xctest */,
				84807FA924989B0F008EE204 /* EnvironmentExperimentUITests.xctest */,
			);
			name = Products;
			sourceTree = "<group>";
		};
		84807F8A24989B0D008EE204 /* EnvironmentExperiment */ = {
			isa = PBXGroup;
			children = (
				84807F8B24989B0D008EE204 /* AppDelegate.swift */,
				84807F8D24989B0D008EE204 /* SceneDelegate.swift */,
				84807F8F24989B0D008EE204 /* ContentView.swift */,
				84807F9124989B0F008EE204 /* Assets.xcassets */,
				84807F9624989B0F008EE204 /* LaunchScreen.storyboard */,
				84807F9924989B0F008EE204 /* Info.plist */,
				84807F9324989B0F008EE204 /* Preview Content */,
			);
			path = EnvironmentExperiment;
			sourceTree = "<group>";
		};
		84807F9324989B0F008EE204 /* Preview Content */ = {
			isa = PBXGroup;
			children = (
				84807F9424989B0F008EE204 /* Preview Assets.xcassets */,
			);
			path = "Preview Content";
			sourceTree = "<group>";
		};
		84807FA124989B0F008EE204 /* EnvironmentExperimentTests */ = {
			isa = PBXGroup;
			children = (
				84807FA224989B0F008EE204 /* EnvironmentExperimentTests.swift */,
				84807FA424989B0F008EE204 /* Info.plist */,
			);
			path = EnvironmentExperimentTests;
			sourceTree = "<group>";
		};
		84807FAC24989B0F008EE204 /* EnvironmentExperimentUITests */ = {
			isa = PBXGroup;
			children = (
				84807FAD24989B0F008EE204 /* EnvironmentExperimentUITests.swift */,
				84807FAF24989B0F008EE204 /* Info.plist */,
			);
			path = EnvironmentExperimentUITests;
			sourceTree = "<group>";
		};
/* End PBXGroup section */

/* Begin PBXNativeTarget section */
		84807F8724989B0D008EE204 /* EnvironmentExperiment */ = {
			isa = PBXNativeTarget;
			buildConfigurationList = 84807FB224989B0F008EE204 /* Build configuration list for PBXNativeTarget "EnvironmentExperiment" */;
			buildPhases = (
				84807F8424989B0D008EE204 /* Sources */,
				84807F8524989B0D008EE204 /* Frameworks */,
				84807F8624989B0D008EE204 /* Resources */,
			);
			buildRules = (
			);
			dependencies = (
			);
			name = EnvironmentExperiment;
			productName = EnvironmentExperiment;
			productReference = 84807F8824989B0D008EE204 /* EnvironmentExperiment.app */;
			productType = "com.apple.product-type.application";
		};
		84807F9D24989B0F008EE204 /* EnvironmentExperimentTests */ = {
			isa = PBXNativeTarget;
			buildConfigurationList = 84807FB524989B0F008EE204 /* Build configuration list for PBXNativeTarget "EnvironmentExperimentTests" */;
			buildPhases = (
				84807F9A24989B0F008EE204 /* Sources */,
				84807F9B24989B0F008EE204 /* Frameworks */,
				84807F9C24989B0F008EE204 /* Resources */,
			);
			buildRules = (
			);
			dependencies = (
				84807FA024989B0F008EE204 /* PBXTargetDependency */,
			);
			name = EnvironmentExperimentTests;
			productName = EnvironmentExperimentTests;
			productReference = 84807F9E24989B0F008EE204 /* EnvironmentExperimentTests.xctest */;
			productType = "com.apple.product-type.bundle.unit-test";
		};
		84807FA824989B0F008EE204 /* EnvironmentExperimentUITests */ = {
			isa = PBXNativeTarget;
			buildConfigurationList = 84807FB824989B0F008EE204 /* Build configuration list for PBXNativeTarget "EnvironmentExperimentUITests" */;
			buildPhases = (
				84807FA524989B0F008EE204 /* Sources */,
				84807FA624989B0F008EE204 /* Frameworks */,
				84807FA724989B0F008EE204 /* Resources */,
			);
			buildRules = (
			);
			dependencies = (
				84807FAB24989B0F008EE204 /* PBXTargetDependency */,
			);
			name = EnvironmentExperimentUITests;
			productName = EnvironmentExperimentUITests;
			productReference = 84807FA924989B0F008EE204 /* EnvironmentExperimentUITests.xctest */;
			productType = "com.apple.product-type.bundle.ui-testing";
		};
/* End PBXNativeTarget section */

/* Begin PBXProject section */
		84807F8024989B0C008EE204 /* Project object */ = {
			isa = PBXProject;
			attributes = {
				LastSwiftUpdateCheck = 1150;
				LastUpgradeCheck = 1150;
				ORGANIZATIONNAME = "Nick Ager";
				TargetAttributes = {
					84807F8724989B0D008EE204 = {
						CreatedOnToolsVersion = 11.5;
					};
					84807F9D24989B0F008EE204 = {
						CreatedOnToolsVersion = 11.5;
						TestTargetID = 84807F8724989B0D008EE204;
					};
					84807FA824989B0F008EE204 = {
						CreatedOnToolsVersion = 11.5;
						TestTargetID = 84807F8724989B0D008EE204;
					};
				};
			};
			buildConfigurationList = 84807F8324989B0C008EE204 /* Build configuration list for PBXProject "EnvironmentExperiment" */;
			compatibilityVersion = "Xcode 9.3";
			developmentRegion = en;
			hasScannedForEncodings = 0;
			knownRegions = (
				en,
				Base,
			);
			mainGroup = 84807F7F24989B0C008EE204;
			productRefGroup = 84807F8924989B0D008EE204 /* Products */;
			projectDirPath = "";
			projectRoot = "";
			targets = (
				84807F8724989B0D008EE204 /* EnvironmentExperiment */,
				84807F9D24989B0F008EE204 /* EnvironmentExperimentTests */,
				84807FA824989B0F008EE204 /* EnvironmentExperimentUITests */,
			);
		};
/* End PBXProject section */

/* Begin PBXResourcesBuildPhase section */
		84807F8624989B0D008EE204 /* Resources */ = {
			isa = PBXResourcesBuildPhase;
			buildActionMask = 2147483647;
			files = (
				84807F9824989B0F008EE204 /* LaunchScreen.storyboard in Resources */,
				84807F9524989B0F008EE204 /* Preview Assets.xcassets in Resources */,
				84807F9224989B0F008EE204 /* Assets.xcassets in Resources */,
			);
			runOnlyForDeploymentPostprocessing = 0;
		};
		84807F9C24989B0F008EE204 /* Resources */ = {
			isa = PBXResourcesBuildPhase;
			buildActionMask = 2147483647;
			files = (
			);
			runOnlyForDeploymentPostprocessing = 0;
		};
		84807FA724989B0F008EE204 /* Resources */ = {
			isa = PBXResourcesBuildPhase;
			buildActionMask = 2147483647;
			files = (
			);
			runOnlyForDeploymentPostprocessing = 0;
		};
/* End PBXResourcesBuildPhase section */

/* Begin PBXSourcesBuildPhase section */
		84807F8424989B0D008EE204 /* Sources */ = {
			isa = PBXSourcesBuildPhase;
			buildActionMask = 2147483647;
			files = (
				84807F8C24989B0D008EE204 /* AppDelegate.swift in Sources */,
				84807F8E24989B0D008EE204 /* SceneDelegate.swift in Sources */,
				84807F9024989B0D008EE204 /* ContentView.swift in Sources */,
			);
			runOnlyForDeploymentPostprocessing = 0;
		};
		84807F9A24989B0F008EE204 /* Sources */ = {
			isa = PBXSourcesBuildPhase;
			buildActionMask = 2147483647;
			files = (
				84807FA324989B0F008EE204 /* EnvironmentExperimentTests.swift in Sources */,
			);
			runOnlyForDeploymentPostprocessing = 0;
		};
		84807FA524989B0F008EE204 /* Sources */ = {
			isa = PBXSourcesBuildPhase;
			buildActionMask = 2147483647;
			files = (
				84807FAE24989B0F008EE204 /* EnvironmentExperimentUITests.swift in Sources */,
			);
			runOnlyForDeploymentPostprocessing = 0;
		};
/* End PBXSourcesBuildPhase section */

/* Begin PBXTargetDependency section */
		84807FA024989B0F008EE204 /* PBXTargetDependency */ = {
			isa = PBXTargetDependency;
			target = 84807F8724989B0D008EE204 /* EnvironmentExperiment */;
			targetProxy = 84807F9F24989B0F008EE204 /* PBXContainerItemProxy */;
		};
		84807FAB24989B0F008EE204 /* PBXTargetDependency */ = {
			isa = PBXTargetDependency;
			target = 84807F8724989B0D008EE204 /* EnvironmentExperiment */;
			targetProxy = 84807FAA24989B0F008EE204 /* PBXContainerItemProxy */;
		};
/* End PBXTargetDependency section */

/* Begin PBXVariantGroup section */
		84807F9624989B0F008EE204 /* LaunchScreen.storyboard */ = {
			isa = PBXVariantGroup;
			children = (
				84807F9724989B0F008EE204 /* Base */,
			);
			name = LaunchScreen.storyboard;
			sourceTree = "<group>";
		};
/* End PBXVariantGroup section */

/* Begin XCBuildConfiguration section */
		84807FB024989B0F008EE204 /* Debug */ = {
			isa = XCBuildConfiguration;
			buildSettings = {
				ALWAYS_SEARCH_USER_PATHS = NO;
				CLANG_ANALYZER_NONNULL = YES;
				CLANG_ANALYZER_NUMBER_OBJECT_CONVERSION = YES_AGGRESSIVE;
				CLANG_CXX_LANGUAGE_STANDARD = "gnu++14";
				CLANG_CXX_LIBRARY = "libc++";
				CLANG_ENABLE_MODULES = YES;
				CLANG_ENABLE_OBJC_ARC = YES;
				CLANG_ENABLE_OBJC_WEAK = YES;
				CLANG_WARN_BLOCK_CAPTURE_AUTORELEASING = YES;
				CLANG_WARN_BOOL_CONVERSION = YES;
				CLANG_WARN_COMMA = YES;
				CLANG_WARN_CONSTANT_CONVERSION = YES;
				CLANG_WARN_DEPRECATED_OBJC_IMPLEMENTATIONS = YES;
				CLANG_WARN_DIRECT_OBJC_ISA_USAGE = YES_ERROR;
				CLANG_WARN_DOCUMENTATION_COMMENTS = YES;
				CLANG_WARN_EMPTY_BODY = YES;
				CLANG_WARN_ENUM_CONVERSION = YES;
				CLANG_WARN_INFINITE_RECURSION = YES;
				CLANG_WARN_INT_CONVERSION = YES;
				CLANG_WARN_NON_LITERAL_NULL_CONVERSION = YES;
				CLANG_WARN_OBJC_IMPLICIT_RETAIN_SELF = YES;
				CLANG_WARN_OBJC_LITERAL_CONVERSION = YES;
				CLANG_WARN_OBJC_ROOT_CLASS = YES_ERROR;
				CLANG_WARN_RANGE_LOOP_ANALYSIS = YES;
				CLANG_WARN_STRICT_PROTOTYPES = YES;
				CLANG_WARN_SUSPICIOUS_MOVE = YES;
				CLANG_WARN_UNGUARDED_AVAILABILITY = YES_AGGRESSIVE;
				CLANG_WARN_UNREACHABLE_CODE = YES;
				CLANG_WARN__DUPLICATE_METHOD_MATCH = YES;
				COPY_PHASE_STRIP = NO;
				DEBUG_INFORMATION_FORMAT = dwarf;
				ENABLE_STRICT_OBJC_MSGSEND = YES;
				ENABLE_TESTABILITY = YES;
				GCC_C_LANGUAGE_STANDARD = gnu11;
				GCC_DYNAMIC_NO_PIC = NO;
				GCC_NO_COMMON_BLOCKS = YES;
				GCC_OPTIMIZATION_LEVEL = 0;
				GCC_PREPROCESSOR_DEFINITIONS = (
					"DEBUG=1",
					"$(inherited)",
				);
				GCC_WARN_64_TO_32_BIT_CONVERSION = YES;
				GCC_WARN_ABOUT_RETURN_TYPE = YES_ERROR;
				GCC_WARN_UNDECLARED_SELECTOR = YES;
				GCC_WARN_UNINITIALIZED_AUTOS = YES_AGGRESSIVE;
				GCC_WARN_UNUSED_FUNCTION = YES;
				GCC_WARN_UNUSED_VARIABLE = YES;
				IPHONEOS_DEPLOYMENT_TARGET = 13.5;
				MTL_ENABLE_DEBUG_INFO = INCLUDE_SOURCE;
				MTL_FAST_MATH = YES;
				ONLY_ACTIVE_ARCH = YES;
				SDKROOT = iphoneos;
				SWIFT_ACTIVE_COMPILATION_CONDITIONS = DEBUG;
				SWIFT_OPTIMIZATION_LEVEL = "-Onone";
			};
			name = Debug;
		};
		84807FB124989B0F008EE204 /* Release */ = {
			isa = XCBuildConfiguration;
			buildSettings = {
				ALWAYS_SEARCH_USER_PATHS = NO;
				CLANG_ANALYZER_NONNULL = YES;
				CLANG_ANALYZER_NUMBER_OBJECT_CONVERSION = YES_AGGRESSIVE;
				CLANG_CXX_LANGUAGE_STANDARD = "gnu++14";
				CLANG_CXX_LIBRARY = "libc++";
				CLANG_ENABLE_MODULES = YES;
				CLANG_ENABLE_OBJC_ARC = YES;
				CLANG_ENABLE_OBJC_WEAK = YES;
				CLANG_WARN_BLOCK_CAPTURE_AUTORELEASING = YES;
				CLANG_WARN_BOOL_CONVERSION = YES;
				CLANG_WARN_COMMA = YES;
				CLANG_WARN_CONSTANT_CONVERSION = YES;
				CLANG_WARN_DEPRECATED_OBJC_IMPLEMENTATIONS = YES;
				CLANG_WARN_DIRECT_OBJC_ISA_USAGE = YES_ERROR;
				CLANG_WARN_DOCUMENTATION_COMMENTS = YES;
				CLANG_WARN_EMPTY_BODY = YES;
				CLANG_WARN_ENUM_CONVERSION = YES;
				CLANG_WARN_INFINITE_RECURSION = YES;
				CLANG_WARN_INT_CONVERSION = YES;
				CLANG_WARN_NON_LITERAL_NULL_CONVERSION = YES;
				CLANG_WARN_OBJC_IMPLICIT_RETAIN_SELF = YES;
				CLANG_WARN_OBJC_LITERAL_CONVERSION = YES;
				CLANG_WARN_OBJC_ROOT_CLASS = YES_ERROR;
				CLANG_WARN_RANGE_LOOP_ANALYSIS = YES;
				CLANG_WARN_STRICT_PROTOTYPES = YES;
				CLANG_WARN_SUSPICIOUS_MOVE = YES;
				CLANG_WARN_UNGUARDED_AVAILABILITY = YES_AGGRESSIVE;
				CLANG_WARN_UNREACHABLE_CODE = YES;
				CLANG_WARN__DUPLICATE_METHOD_MATCH = YES;
				COPY_PHASE_STRIP = NO;
				DEBUG_INFORMATION_FORMAT = "dwarf-with-dsym";
				ENABLE_NS_ASSERTIONS = NO;
				ENABLE_STRICT_OBJC_MSGSEND = YES;
				GCC_C_LANGUAGE_STANDARD = gnu11;
				GCC_NO_COMMON_BLOCKS = YES;
				GCC_WARN_64_TO_32_BIT_CONVERSION = YES;
				GCC_WARN_ABOUT_RETURN_TYPE = YES_ERROR;
				GCC_WARN_UNDECLARED_SELECTOR = YES;
				GCC_WARN_UNINITIALIZED_AUTOS = YES_AGGRESSIVE;
				GCC_WARN_UNUSED_FUNCTION = YES;
				GCC_WARN_UNUSED_VARIABLE = YES;
				IPHONEOS_DEPLOYMENT_TARGET = 13.5;
				MTL_ENABLE_DEBUG_INFO = NO;
				MTL_FAST_MATH = YES;
				SDKROOT = iphoneos;
				SWIFT_COMPILATION_MODE = wholemodule;
				SWIFT_OPTIMIZATION_LEVEL = "-O";
				VALIDATE_PRODUCT = YES;
			};
			name = Release;
		};
		84807FB324989B0F008EE204 /* Debug */ = {
			isa = XCBuildConfiguration;
			buildSettings = {
				ASSETCATALOG_COMPILER_APPICON_NAME = AppIcon;
				CODE_SIGN_STYLE = Automatic;
				DEVELOPMENT_ASSET_PATHS = "\"EnvironmentExperiment/Preview Content\"";
				DEVELOPMENT_TEAM = J9BSTQ4V4C;
				ENABLE_PREVIEWS = YES;
				INFOPLIST_FILE = EnvironmentExperiment/Info.plist;
				LD_RUNPATH_SEARCH_PATHS = (
					"$(inherited)",
					"@executable_path/Frameworks",
				);
				PRODUCT_BUNDLE_IDENTIFIER = "Moletest--Scotland--Ltd.EnvironmentExperiment";
				PRODUCT_NAME = "$(TARGET_NAME)";
				SWIFT_VERSION = 5.0;
				TARGETED_DEVICE_FAMILY = "1,2";
			};
			name = Debug;
		};
		84807FB424989B0F008EE204 /* Release */ = {
			isa = XCBuildConfiguration;
			buildSettings = {
				ASSETCATALOG_COMPILER_APPICON_NAME = AppIcon;
				CODE_SIGN_STYLE = Automatic;
				DEVELOPMENT_ASSET_PATHS = "\"EnvironmentExperiment/Preview Content\"";
				DEVELOPMENT_TEAM = J9BSTQ4V4C;
				ENABLE_PREVIEWS = YES;
				INFOPLIST_FILE = EnvironmentExperiment/Info.plist;
				LD_RUNPATH_SEARCH_PATHS = (
					"$(inherited)",
					"@executable_path/Frameworks",
				);
				PRODUCT_BUNDLE_IDENTIFIER = "Moletest--Scotland--Ltd.EnvironmentExperiment";
				PRODUCT_NAME = "$(TARGET_NAME)";
				SWIFT_VERSION = 5.0;
				TARGETED_DEVICE_FAMILY = "1,2";
			};
			name = Release;
		};
		84807FB624989B0F008EE204 /* Debug */ = {
			isa = XCBuildConfiguration;
			buildSettings = {
				ALWAYS_EMBED_SWIFT_STANDARD_LIBRARIES = YES;
				BUNDLE_LOADER = "$(TEST_HOST)";
				CODE_SIGN_STYLE = Automatic;
				DEVELOPMENT_TEAM = J9BSTQ4V4C;
				INFOPLIST_FILE = EnvironmentExperimentTests/Info.plist;
				IPHONEOS_DEPLOYMENT_TARGET = 13.5;
				LD_RUNPATH_SEARCH_PATHS = (
					"$(inherited)",
					"@executable_path/Frameworks",
					"@loader_path/Frameworks",
				);
				PRODUCT_BUNDLE_IDENTIFIER = "Moletest--Scotland--Ltd.EnvironmentExperimentTests";
				PRODUCT_NAME = "$(TARGET_NAME)";
				SWIFT_VERSION = 5.0;
				TARGETED_DEVICE_FAMILY = "1,2";
				TEST_HOST = "$(BUILT_PRODUCTS_DIR)/EnvironmentExperiment.app/EnvironmentExperiment";
			};
			name = Debug;
		};
		84807FB724989B0F008EE204 /* Release */ = {
			isa = XCBuildConfiguration;
			buildSettings = {
				ALWAYS_EMBED_SWIFT_STANDARD_LIBRARIES = YES;
				BUNDLE_LOADER = "$(TEST_HOST)";
				CODE_SIGN_STYLE = Automatic;
				DEVELOPMENT_TEAM = J9BSTQ4V4C;
				INFOPLIST_FILE = EnvironmentExperimentTests/Info.plist;
				IPHONEOS_DEPLOYMENT_TARGET = 13.5;
				LD_RUNPATH_SEARCH_PATHS = (
					"$(inherited)",
					"@executable_path/Frameworks",
					"@loader_path/Frameworks",
				);
				PRODUCT_BUNDLE_IDENTIFIER = "Moletest--Scotland--Ltd.EnvironmentExperimentTests";
				PRODUCT_NAME = "$(TARGET_NAME)";
				SWIFT_VERSION = 5.0;
				TARGETED_DEVICE_FAMILY = "1,2";
				TEST_HOST = "$(BUILT_PRODUCTS_DIR)/EnvironmentExperiment.app/EnvironmentExperiment";
			};
			name = Release;
		};
		84807FB924989B0F008EE204 /* Debug */ = {
			isa = XCBuildConfiguration;
			buildSettings = {
				ALWAYS_EMBED_SWIFT_STANDARD_LIBRARIES = YES;
				CODE_SIGN_STYLE = Automatic;
				DEVELOPMENT_TEAM = J9BSTQ4V4C;
				INFOPLIST_FILE = EnvironmentExperimentUITests/Info.plist;
				LD_RUNPATH_SEARCH_PATHS = (
					"$(inherited)",
					"@executable_path/Frameworks",
					"@loader_path/Frameworks",
				);
				PRODUCT_BUNDLE_IDENTIFIER = "Moletest--Scotland--Ltd.EnvironmentExperimentUITests";
				PRODUCT_NAME = "$(TARGET_NAME)";
				SWIFT_VERSION = 5.0;
				TARGETED_DEVICE_FAMILY = "1,2";
				TEST_TARGET_NAME = EnvironmentExperiment;
			};
			name = Debug;
		};
		84807FBA24989B0F008EE204 /* Release */ = {
			isa = XCBuildConfiguration;
			buildSettings = {
				ALWAYS_EMBED_SWIFT_STANDARD_LIBRARIES = YES;
				CODE_SIGN_STYLE = Automatic;
				DEVELOPMENT_TEAM = J9BSTQ4V4C;
				INFOPLIST_FILE = EnvironmentExperimentUITests/Info.plist;
				LD_RUNPATH_SEARCH_PATHS = (
					"$(inherited)",
					"@executable_path/Frameworks",
					"@loader_path/Frameworks",
				);
				PRODUCT_BUNDLE_IDENTIFIER = "Moletest--Scotland--Ltd.EnvironmentExperimentUITests";
				PRODUCT_NAME = "$(TARGET_NAME)";
				SWIFT_VERSION = 5.0;
				TARGETED_DEVICE_FAMILY = "1,2";
				TEST_TARGET_NAME = EnvironmentExperiment;
			};
			name = Release;
		};
/* End XCBuildConfiguration section */

/* Begin XCConfigurationList section */
		84807F8324989B0C008EE204 /* Build configuration list for PBXProject "EnvironmentExperiment" */ = {
			isa = XCConfigurationList;
			buildConfigurations = (
				84807FB024989B0F008EE204 /* Debug */,
				84807FB124989B0F008EE204 /* Release */,
			);
			defaultConfigurationIsVisible = 0;
			defaultConfigurationName = Release;
		};
		84807FB224989B0F008EE204 /* Build configuration list for PBXNativeTarget "EnvironmentExperiment" */ = {
			isa = XCConfigurationList;
			buildConfigurations = (
				84807FB324989B0F008EE204 /* Debug */,
				84807FB424989B0F008EE204 /* Release */,
			);
			defaultConfigurationIsVisible = 0;
			defaultConfigurationName = Release;
		};
		84807FB524989B0F008EE204 /* Build configuration list for PBXNativeTarget "EnvironmentExperimentTests" */ = {
			isa = XCConfigurationList;
			buildConfigurations = (
				84807FB624989B0F008EE204 /* Debug */,
				84807FB724989B0F008EE204 /* Release */,
			);
			defaultConfigurationIsVisible = 0;
			defaultConfigurationName = Release;
		};
		84807FB824989B0F008EE204 /* Build configuration list for PBXNativeTarget "EnvironmentExperimentUITests" */ = {
			isa = XCConfigurationList;
			buildConfigurations = (
				84807FB924989B0F008EE204 /* Debug */,
				84807FBA24989B0F008EE204 /* Release */,
			);
			defaultConfigurationIsVisible = 0;
			defaultConfigurationName = Release;
		};
/* End XCConfigurationList section */
	};
	rootObject = 84807F8024989B0C008EE204 /* Project object */;
}
